
Microsoft Visual Studio Solution File, Format Version 12.00
# Visual Studio Version 17
VisualStudioVersion = 17.14.36414.22 d17.14
MinimumVisualStudioVersion = 10.0.40219.1
Project("{FAE04EC0-301F-11D3-BF4B-00C04F79EFBC}") = "Myfirstapp", "Myfirstapp\Myfirstapp.csproj", "{260525D9-BF15-4825-9167-65D45819B7DE}"
EndProject
Global
	GlobalSection(SolutionConfigurationPlatforms) = preSolution
		Debug|Any CPU = Debug|Any CPU
		Release|Any CPU = Release|Any CPU
	EndGlobalSection
	GlobalSection(ProjectConfigurationPlatforms) = postSolution
		{260525D9-BF15-4825-9167-65D45819B7DE}.Debug|Any CPU.ActiveCfg = Debug|Any CPU
		{260525D9-BF15-4825-9167-65D45819B7DE}.Debug|Any CPU.Build.0 = Debug|Any CPU
		{260525D9-BF15-4825-9167-65D45819B7DE}.Release|Any CPU.ActiveCfg = Release|Any CPU
		{260525D9-BF15-4825-9167-65D45819B7DE}.Release|Any CPU.Build.0 = Release|Any CPU
	EndGlobalSection
	GlobalSection(SolutionProperties) = preSolution
		HideSolutionNode = FALSE
	EndGlobalSection
	GlobalSection(ExtensibilityGlobals) = postSolution
		SolutionGuid = {C5A0E414-811C-4A98-9CAA-9ADB19DDC539}
	EndGlobalSection
EndGlobal
